
Microsoft Visual Studio Solution File, Format Version 12.00
# Visual Studio Version 16
VisualStudioVersion = 16.0.30320.27
MinimumVisualStudioVersion = 10.0.40219.1
Project("{FAE04EC0-301F-11D3-BF4B-00C04F79EFBC}") = "Riven", "Riven.csproj", "{63D5899B-718D-4A6E-B58C-960D55F0B51C}"
EndProject
Global
	GlobalSection(SolutionConfigurationPlatforms) = preSolution
		Debug|Any CPU = Debug|Any CPU
		Release|Any CPU = Release|Any CPU
	EndGlobalSection
	GlobalSection(ProjectConfigurationPlatforms) = postSolution
		{63D5899B-718D-4A6E-B58C-960D55F0B51C}.Debug|Any CPU.ActiveCfg = Debug|Any CPU
		{63D5899B-718D-4A6E-B58C-960D55F0B51C}.Debug|Any CPU.Build.0 = Debug|Any CPU
		{63D5899B-718D-4A6E-B58C-960D55F0B51C}.Release|Any CPU.ActiveCfg = Release|Any CPU
		{63D5899B-718D-4A6E-B58C-960D55F0B51C}.Release|Any CPU.Build.0 = Release|Any CPU
	EndGlobalSection
	GlobalSection(SolutionProperties) = preSolution
		HideSolutionNode = FALSE
	EndGlobalSection
	GlobalSection(ExtensibilityGlobals) = postSolution
		SolutionGuid = {12DD430A-D210-4547-8EE3-88095B6B63B3}
	EndGlobalSection
EndGlobal
