
Microsoft Visual Studio Solution File, Format Version 12.00
# Visual Studio Version 16
VisualStudioVersion = 16.0.30320.27
MinimumVisualStudioVersion = 10.0.40219.1
Project("{FAE04EC0-301F-11D3-BF4B-00C04F79EFBC}") = "DiablosRengar", "DiablosRengar.csproj", "{42A33295-0353-4542-8130-2522821E59D6}"
EndProject
Global
	GlobalSection(SolutionConfigurationPlatforms) = preSolution
		Debug|Any CPU = Debug|Any CPU
		Release|Any CPU = Release|Any CPU
	EndGlobalSection
	GlobalSection(ProjectConfigurationPlatforms) = postSolution
		{42A33295-0353-4542-8130-2522821E59D6}.Debug|Any CPU.ActiveCfg = Debug|Any CPU
		{42A33295-0353-4542-8130-2522821E59D6}.Debug|Any CPU.Build.0 = Debug|Any CPU
		{42A33295-0353-4542-8130-2522821E59D6}.Release|Any CPU.ActiveCfg = Release|Any CPU
		{42A33295-0353-4542-8130-2522821E59D6}.Release|Any CPU.Build.0 = Release|Any CPU
	EndGlobalSection
	GlobalSection(SolutionProperties) = preSolution
		HideSolutionNode = FALSE
	EndGlobalSection
	GlobalSection(ExtensibilityGlobals) = postSolution
		SolutionGuid = {ADAB131A-3042-4DEB-B356-D06772376D50}
	EndGlobalSection
EndGlobal
